
Microsoft Visual Studio Solution File, Format Version 12.00
# Visual Studio Version 16
VisualStudioVersion = 16.0.32802.440
MinimumVisualStudioVersion = 10.0.40219.1
Project("{FAE04EC0-301F-11D3-BF4B-00C04F79EFBC}") = "FinalProject.UWP", "FinalProject\FinalProject.UWP\FinalProject.UWP.csproj", "{142B91E4-2F49-46AA-ADB5-15E26962F091}"
EndProject
Project("{FAE04EC0-301F-11D3-BF4B-00C04F79EFBC}") = "FinalProject.Android", "FinalProject\FinalProject.Android\FinalProject.Android.csproj", "{2BBDD2BF-96C3-45EA-9996-A5975552B599}"
EndProject
Project("{FAE04EC0-301F-11D3-BF4B-00C04F79EFBC}") = "FinalProject.iOS", "FinalProject\FinalProject.iOS\FinalProject.iOS.csproj", "{E09D1278-D0B1-4FF1-A2D3-1CF2F3DB42D7}"
EndProject
Project("{FAE04EC0-301F-11D3-BF4B-00C04F79EFBC}") = "FinalProject", "FinalProject\FinalProject\FinalProject.csproj", "{7F0B5E74-1455-4AFE-A196-F7097EDE0F87}"
EndProject
Global
	GlobalSection(SolutionConfigurationPlatforms) = preSolution
		Debug|Any CPU = Debug|Any CPU
		Debug|ARM = Debug|ARM
		Debug|iPhone = Debug|iPhone
		Debug|iPhoneSimulator = Debug|iPhoneSimulator
		Debug|x64 = Debug|x64
		Debug|x86 = Debug|x86
		Release|Any CPU = Release|Any CPU
		Release|ARM = Release|ARM
		Release|iPhone = Release|iPhone
		Release|iPhoneSimulator = Release|iPhoneSimulator
		Release|x64 = Release|x64
		Release|x86 = Release|x86
	EndGlobalSection
	GlobalSection(ProjectConfigurationPlatforms) = postSolution
		{142B91E4-2F49-46AA-ADB5-15E26962F091}.Debug|Any CPU.ActiveCfg = Debug|x86
		{142B91E4-2F49-46AA-ADB5-15E26962F091}.Debug|Any CPU.Build.0 = Debug|x86
		{142B91E4-2F49-46AA-ADB5-15E26962F091}.Debug|Any CPU.Deploy.0 = Debug|x86
		{142B91E4-2F49-46AA-ADB5-15E26962F091}.Debug|ARM.ActiveCfg = Debug|ARM
		{142B91E4-2F49-46AA-ADB5-15E26962F091}.Debug|ARM.Build.0 = Debug|ARM
		{142B91E4-2F49-46AA-ADB5-15E26962F091}.Debug|ARM.Deploy.0 = Debug|ARM
		{142B91E4-2F49-46AA-ADB5-15E26962F091}.Debug|iPhone.ActiveCfg = Debug|x86
		{142B91E4-2F49-46AA-ADB5-15E26962F091}.Debug|iPhone.Build.0 = Debug|x86
		{142B91E4-2F49-46AA-ADB5-15E26962F091}.Debug|iPhone.Deploy.0 = Debug|x86
		{142B91E4-2F49-46AA-ADB5-15E26962F091}.Debug|iPhoneSimulator.ActiveCfg = Debug|x86
		{142B91E4-2F49-46AA-ADB5-15E26962F091}.Debug|iPhoneSimulator.Build.0 = Debug|x86
		{142B91E4-2F49-46AA-ADB5-15E26962F091}.Debug|iPhoneSimulator.Deploy.0 = Debug|x86
		{142B91E4-2F49-46AA-ADB5-15E26962F091}.Debug|x64.ActiveCfg = Debug|x64
		{142B91E4-2F49-46AA-ADB5-15E26962F091}.Debug|x64.Build.0 = Debug|x64
		{142B91E4-2F49-46AA-ADB5-15E26962F091}.Debug|x64.Deploy.0 = Debug|x64
		{142B91E4-2F49-46AA-ADB5-15E26962F091}.Debug|x86.ActiveCfg = Debug|x86
		{142B91E4-2F49-46AA-ADB5-15E26962F091}.Debug|x86.Build.0 = Debug|x86
		{142B91E4-2F49-46AA-ADB5-15E26962F091}.Debug|x86.Deploy.0 = Debug|x86
		{142B91E4-2F49-46AA-ADB5-15E26962F091}.Release|Any CPU.ActiveCfg = Release|x86
		{142B91E4-2F49-46AA-ADB5-15E26962F091}.Release|Any CPU.Build.0 = Release|x86
		{142B91E4-2F49-46AA-ADB5-15E26962F091}.Release|Any CPU.Deploy.0 = Release|x86
		{142B91E4-2F49-46AA-ADB5-15E26962F091}.Release|ARM.ActiveCfg = Release|ARM
		{142B91E4-2F49-46AA-ADB5-15E26962F091}.Release|ARM.Build.0 = Release|ARM
		{142B91E4-2F49-46AA-ADB5-15E26962F091}.Release|ARM.Deploy.0 = Release|ARM
		{142B91E4-2F49-46AA-ADB5-15E26962F091}.Release|iPhone.ActiveCfg = Release|x86
		{142B91E4-2F49-46AA-ADB5-15E26962F091}.Release|iPhone.Build.0 = Release|x86
		{142B91E4-2F49-46AA-ADB5-15E26962F091}.Release|iPhone.Deploy.0 = Release|x86
		{142B91E4-2F49-46AA-ADB5-15E26962F091}.Release|iPhoneSimulator.ActiveCfg = Release|x86
		{142B91E4-2F49-46AA-ADB5-15E26962F091}.Release|iPhoneSimulator.Build.0 = Release|x86
		{142B91E4-2F49-46AA-ADB5-15E26962F091}.Release|iPhoneSimulator.Deploy.0 = Release|x86
		{142B91E4-2F49-46AA-ADB5-15E26962F091}.Release|x64.ActiveCfg = Release|x64
		{142B91E4-2F49-46AA-ADB5-15E26962F091}.Release|x64.Build.0 = Release|x64
		{142B91E4-2F49-46AA-ADB5-15E26962F091}.Release|x64.Deploy.0 = Release|x64
		{142B91E4-2F49-46AA-ADB5-15E26962F091}.Release|x86.ActiveCfg = Release|x86
		{142B91E4-2F49-46AA-ADB5-15E26962F091}.Release|x86.Build.0 = Release|x86
		{142B91E4-2F49-46AA-ADB5-15E26962F091}.Release|x86.Deploy.0 = Release|x86
		{2BBDD2BF-96C3-45EA-9996-A5975552B599}.Debug|Any CPU.ActiveCfg = Debug|Any CPU
		{2BBDD2BF-96C3-45EA-9996-A5975552B599}.Debug|Any CPU.Build.0 = Debug|Any CPU
		{2BBDD2BF-96C3-45EA-9996-A5975552B599}.Debug|Any CPU.Deploy.0 = Debug|Any CPU
		{2BBDD2BF-96C3-45EA-9996-A5975552B599}.Debug|ARM.ActiveCfg = Debug|Any CPU
		{2BBDD2BF-96C3-45EA-9996-A5975552B599}.Debug|ARM.Build.0 = Debug|Any CPU
		{2BBDD2BF-96C3-45EA-9996-A5975552B599}.Debug|ARM.Deploy.0 = Debug|Any CPU
		{2BBDD2BF-96C3-45EA-9996-A5975552B599}.Debug|iPhone.ActiveCfg = Debug|Any CPU
		{2BBDD2BF-96C3-45EA-9996-A5975552B599}.Debug|iPhone.Build.0 = Debug|Any CPU
		{2BBDD2BF-96C3-45EA-9996-A5975552B599}.Debug|iPhone.Deploy.0 = Debug|Any CPU
		{2BBDD2BF-96C3-45EA-9996-A5975552B599}.Debug|iPhoneSimulator.ActiveCfg = Debug|Any CPU
		{2BBDD2BF-96C3-45EA-9996-A5975552B599}.Debug|iPhoneSimulator.Build.0 = Debug|Any CPU
		{2BBDD2BF-96C3-45EA-9996-A5975552B599}.Debug|iPhoneSimulator.Deploy.0 = Debug|Any CPU
		{2BBDD2BF-96C3-45EA-9996-A5975552B599}.Debug|x64.ActiveCfg = Debug|Any CPU
		{2BBDD2BF-96C3-45EA-9996-A5975552B599}.Debug|x64.Build.0 = Debug|Any CPU
		{2BBDD2BF-96C3-45EA-9996-A5975552B599}.Debug|x64.Deploy.0 = Debug|Any CPU
		{2BBDD2BF-96C3-45EA-9996-A5975552B599}.Debug|x86.ActiveCfg = Debug|Any CPU
		{2BBDD2BF-96C3-45EA-9996-A5975552B599}.Debug|x86.Build.0 = Debug|Any CPU
		{2BBDD2BF-96C3-45EA-9996-A5975552B599}.Debug|x86.Deploy.0 = Debug|Any CPU
		{2BBDD2BF-96C3-45EA-9996-A5975552B599}.Release|Any CPU.ActiveCfg = Release|Any CPU
		{2BBDD2BF-96C3-45EA-9996-A5975552B599}.Release|Any CPU.Build.0 = Release|Any CPU
		{2BBDD2BF-96C3-45EA-9996-A5975552B599}.Release|Any CPU.Deploy.0 = Release|Any CPU
		{2BBDD2BF-96C3-45EA-9996-A5975552B599}.Release|ARM.ActiveCfg = Release|Any CPU
		{2BBDD2BF-96C3-45EA-9996-A5975552B599}.Release|ARM.Build.0 = Release|Any CPU
		{2BBDD2BF-96C3-45EA-9996-A5975552B599}.Release|ARM.Deploy.0 = Release|Any CPU
		{2BBDD2BF-96C3-45EA-9996-A5975552B599}.Release|iPhone.ActiveCfg = Release|Any CPU
		{2BBDD2BF-96C3-45EA-9996-A5975552B599}.Release|iPhone.Build.0 = Release|Any CPU
		{2BBDD2BF-96C3-45EA-9996-A5975552B599}.Release|iPhone.Deploy.0 = Release|Any CPU
		{2BBDD2BF-96C3-45EA-9996-A5975552B599}.Release|iPhoneSimulator.ActiveCfg = Release|Any CPU
		{2BBDD2BF-96C3-45EA-9996-A5975552B599}.Release|iPhoneSimulator.Build.0 = Release|Any CPU
		{2BBDD2BF-96C3-45EA-9996-A5975552B599}.Release|iPhoneSimulator.Deploy.0 = Release|Any CPU
		{2BBDD2BF-96C3-45EA-9996-A5975552B599}.Release|x64.ActiveCfg = Release|Any CPU
		{2BBDD2BF-96C3-45EA-9996-A5975552B599}.Release|x64.Build.0 = Release|Any CPU
		{2BBDD2BF-96C3-45EA-9996-A5975552B599}.Release|x64.Deploy.0 = Release|Any CPU
		{2BBDD2BF-96C3-45EA-9996-A5975552B599}.Release|x86.ActiveCfg = Release|Any CPU
		{2BBDD2BF-96C3-45EA-9996-A5975552B599}.Release|x86.Build.0 = Release|Any CPU
		{2BBDD2BF-96C3-45EA-9996-A5975552B599}.Release|x86.Deploy.0 = Release|Any CPU
		{E09D1278-D0B1-4FF1-A2D3-1CF2F3DB42D7}.Debug|Any CPU.ActiveCfg = Debug|iPhoneSimulator
		{E09D1278-D0B1-4FF1-A2D3-1CF2F3DB42D7}.Debug|Any CPU.Build.0 = Debug|iPhoneSimulator
		{E09D1278-D0B1-4FF1-A2D3-1CF2F3DB42D7}.Debug|Any CPU.Deploy.0 = Debug|iPhoneSimulator
		{E09D1278-D0B1-4FF1-A2D3-1CF2F3DB42D7}.Debug|ARM.ActiveCfg = Debug|iPhone
		{E09D1278-D0B1-4FF1-A2D3-1CF2F3DB42D7}.Debug|ARM.Build.0 = Debug|iPhone
		{E09D1278-D0B1-4FF1-A2D3-1CF2F3DB42D7}.Debug|ARM.Deploy.0 = Debug|iPhone
		{E09D1278-D0B1-4FF1-A2D3-1CF2F3DB42D7}.Debug|iPhone.ActiveCfg = Debug|iPhone
		{E09D1278-D0B1-4FF1-A2D3-1CF2F3DB42D7}.Debug|iPhone.Build.0 = Debug|iPhone
		{E09D1278-D0B1-4FF1-A2D3-1CF2F3DB42D7}.Debug|iPhone.Deploy.0 = Debug|iPhone
		{E09D1278-D0B1-4FF1-A2D3-1CF2F3DB42D7}.Debug|iPhoneSimulator.ActiveCfg = Debug|iPhoneSimulator
		{E09D1278-D0B1-4FF1-A2D3-1CF2F3DB42D7}.Debug|iPhoneSimulator.Build.0 = Debug|iPhoneSimulator
		{E09D1278-D0B1-4FF1-A2D3-1CF2F3DB42D7}.Debug|iPhoneSimulator.Deploy.0 = Debug|iPhoneSimulator
		{E09D1278-D0B1-4FF1-A2D3-1CF2F3DB42D7}.Debug|x64.ActiveCfg = Debug|iPhoneSimulator
		{E09D1278-D0B1-4FF1-A2D3-1CF2F3DB42D7}.Debug|x64.Build.0 = Debug|iPhoneSimulator
		{E09D1278-D0B1-4FF1-A2D3-1CF2F3DB42D7}.Debug|x64.Deploy.0 = Debug|iPhoneSimulator
		{E09D1278-D0B1-4FF1-A2D3-1CF2F3DB42D7}.Debug|x86.ActiveCfg = Debug|iPhoneSimulator
		{E09D1278-D0B1-4FF1-A2D3-1CF2F3DB42D7}.Debug|x86.Build.0 = Debug|iPhoneSimulator
		{E09D1278-D0B1-4FF1-A2D3-1CF2F3DB42D7}.Debug|x86.Deploy.0 = Debug|iPhoneSimulator
		{E09D1278-D0B1-4FF1-A2D3-1CF2F3DB42D7}.Release|Any CPU.ActiveCfg = Release|iPhoneSimulator
		{E09D1278-D0B1-4FF1-A2D3-1CF2F3DB42D7}.Release|Any CPU.Build.0 = Release|iPhoneSimulator
		{E09D1278-D0B1-4FF1-A2D3-1CF2F3DB42D7}.Release|Any CPU.Deploy.0 = Release|iPhoneSimulator
		{E09D1278-D0B1-4FF1-A2D3-1CF2F3DB42D7}.Release|ARM.ActiveCfg = Release|iPhoneSimulator
		{E09D1278-D0B1-4FF1-A2D3-1CF2F3DB42D7}.Release|ARM.Build.0 = Release|iPhoneSimulator
		{E09D1278-D0B1-4FF1-A2D3-1CF2F3DB42D7}.Release|ARM.Deploy.0 = Release|iPhoneSimulator
		{E09D1278-D0B1-4FF1-A2D3-1CF2F3DB42D7}.Release|iPhone.ActiveCfg = Release|iPhone
		{E09D1278-D0B1-4FF1-A2D3-1CF2F3DB42D7}.Release|iPhone.Build.0 = Release|iPhone
		{E09D1278-D0B1-4FF1-A2D3-1CF2F3DB42D7}.Release|iPhone.Deploy.0 = Release|iPhone
		{E09D1278-D0B1-4FF1-A2D3-1CF2F3DB42D7}.Release|iPhoneSimulator.ActiveCfg = Release|iPhoneSimulator
		{E09D1278-D0B1-4FF1-A2D3-1CF2F3DB42D7}.Release|iPhoneSimulator.Build.0 = Release|iPhoneSimulator
		{E09D1278-D0B1-4FF1-A2D3-1CF2F3DB42D7}.Release|iPhoneSimulator.Deploy.0 = Release|iPhoneSimulator
		{E09D1278-D0B1-4FF1-A2D3-1CF2F3DB42D7}.Release|x64.ActiveCfg = Release|iPhoneSimulator
		{E09D1278-D0B1-4FF1-A2D3-1CF2F3DB42D7}.Release|x64.Build.0 = Release|iPhoneSimulator
		{E09D1278-D0B1-4FF1-A2D3-1CF2F3DB42D7}.Release|x64.Deploy.0 = Release|iPhoneSimulator
		{E09D1278-D0B1-4FF1-A2D3-1CF2F3DB42D7}.Release|x86.ActiveCfg = Release|iPhoneSimulator
		{E09D1278-D0B1-4FF1-A2D3-1CF2F3DB42D7}.Release|x86.Build.0 = Release|iPhoneSimulator
		{E09D1278-D0B1-4FF1-A2D3-1CF2F3DB42D7}.Release|x86.Deploy.0 = Release|iPhoneSimulator
		{7F0B5E74-1455-4AFE-A196-F7097EDE0F87}.Debug|Any CPU.ActiveCfg = Debug|Any CPU
		{7F0B5E74-1455-4AFE-A196-F7097EDE0F87}.Debug|Any CPU.Build.0 = Debug|Any CPU
		{7F0B5E74-1455-4AFE-A196-F7097EDE0F87}.Debug|Any CPU.Deploy.0 = Debug|Any CPU
		{7F0B5E74-1455-4AFE-A196-F7097EDE0F87}.Debug|ARM.ActiveCfg = Debug|Any CPU
		{7F0B5E74-1455-4AFE-A196-F7097EDE0F87}.Debug|ARM.Build.0 = Debug|Any CPU
		{7F0B5E74-1455-4AFE-A196-F7097EDE0F87}.Debug|ARM.Deploy.0 = Debug|Any CPU
		{7F0B5E74-1455-4AFE-A196-F7097EDE0F87}.Debug|iPhone.ActiveCfg = Debug|Any CPU
		{7F0B5E74-1455-4AFE-A196-F7097EDE0F87}.Debug|iPhone.Build.0 = Debug|Any CPU
		{7F0B5E74-1455-4AFE-A196-F7097EDE0F87}.Debug|iPhone.Deploy.0 = Debug|Any CPU
		{7F0B5E74-1455-4AFE-A196-F7097EDE0F87}.Debug|iPhoneSimulator.ActiveCfg = Debug|Any CPU
		{7F0B5E74-1455-4AFE-A196-F7097EDE0F87}.Debug|iPhoneSimulator.Build.0 = Debug|Any CPU
		{7F0B5E74-1455-4AFE-A196-F7097EDE0F87}.Debug|iPhoneSimulator.Deploy.0 = Debug|Any CPU
		{7F0B5E74-1455-4AFE-A196-F7097EDE0F87}.Debug|x64.ActiveCfg = Debug|Any CPU
		{7F0B5E74-1455-4AFE-A196-F7097EDE0F87}.Debug|x64.Build.0 = Debug|Any CPU
		{7F0B5E74-1455-4AFE-A196-F7097EDE0F87}.Debug|x64.Deploy.0 = Debug|Any CPU
		{7F0B5E74-1455-4AFE-A196-F7097EDE0F87}.Debug|x86.ActiveCfg = Debug|Any CPU
		{7F0B5E74-1455-4AFE-A196-F7097EDE0F87}.Debug|x86.Build.0 = Debug|Any CPU
		{7F0B5E74-1455-4AFE-A196-F7097EDE0F87}.Debug|x86.Deploy.0 = Debug|Any CPU
		{7F0B5E74-1455-4AFE-A196-F7097EDE0F87}.Release|Any CPU.ActiveCfg = Release|Any CPU
		{7F0B5E74-1455-4AFE-A196-F7097EDE0F87}.Release|Any CPU.Build.0 = Release|Any CPU
		{7F0B5E74-1455-4AFE-A196-F7097EDE0F87}.Release|Any CPU.Deploy.0 = Release|Any CPU
		{7F0B5E74-1455-4AFE-A196-F7097EDE0F87}.Release|ARM.ActiveCfg = Release|Any CPU
		{7F0B5E74-1455-4AFE-A196-F7097EDE0F87}.Release|ARM.Build.0 = Release|Any CPU
		{7F0B5E74-1455-4AFE-A196-F7097EDE0F87}.Release|ARM.Deploy.0 = Release|Any CPU
		{7F0B5E74-1455-4AFE-A196-F7097EDE0F87}.Release|iPhone.ActiveCfg = Release|Any CPU
		{7F0B5E74-1455-4AFE-A196-F7097EDE0F87}.Release|iPhone.Build.0 = Release|Any CPU
		{7F0B5E74-1455-4AFE-A196-F7097EDE0F87}.Release|iPhone.Deploy.0 = Release|Any CPU
		{7F0B5E74-1455-4AFE-A196-F7097EDE0F87}.Release|iPhoneSimulator.ActiveCfg = Release|Any CPU
		{7F0B5E74-1455-4AFE-A196-F7097EDE0F87}.Release|iPhoneSimulator.Build.0 = Release|Any CPU
		{7F0B5E74-1455-4AFE-A196-F7097EDE0F87}.Release|iPhoneSimulator.Deploy.0 = Release|Any CPU
		{7F0B5E74-1455-4AFE-A196-F7097EDE0F87}.Release|x64.ActiveCfg = Release|Any CPU
		{7F0B5E74-1455-4AFE-A196-F7097EDE0F87}.Release|x64.Build.0 = Release|Any CPU
		{7F0B5E74-1455-4AFE-A196-F7097EDE0F87}.Release|x64.Deploy.0 = Release|Any CPU
		{7F0B5E74-1455-4AFE-A196-F7097EDE0F87}.Release|x86.ActiveCfg = Release|Any CPU
		{7F0B5E74-1455-4AFE-A196-F7097EDE0F87}.Release|x86.Build.0 = Release|Any CPU
		{7F0B5E74-1455-4AFE-A196-F7097EDE0F87}.Release|x86.Deploy.0 = Release|Any CPU
	EndGlobalSection
	GlobalSection(SolutionProperties) = preSolution
		HideSolutionNode = FALSE
	EndGlobalSection
	GlobalSection(ExtensibilityGlobals) = postSolution
		SolutionGuid = {5869CD3C-60C3-48BE-A061-CAB200CFBD4A}
	EndGlobalSection
EndGlobal
