
Microsoft Visual Studio Solution File, Format Version 12.00
# Visual Studio Version 16
VisualStudioVersion = 16.0.32802.440
MinimumVisualStudioVersion = 10.0.40219.1
Project("{FAE04EC0-301F-11D3-BF4B-00C04F79EFBC}") = "WeatherData.UWP", "WeatherData\WeatherData.UWP\WeatherData.UWP.csproj", "{16B036D8-0432-422D-A26A-48D76610DE62}"
EndProject
Project("{FAE04EC0-301F-11D3-BF4B-00C04F79EFBC}") = "WeatherData.Android", "WeatherData\WeatherData.Android\WeatherData.Android.csproj", "{E26F5C6C-A1CC-4E38-B468-CE1545EF2758}"
EndProject
Project("{FAE04EC0-301F-11D3-BF4B-00C04F79EFBC}") = "WeatherData.iOS", "WeatherData\WeatherData.iOS\WeatherData.iOS.csproj", "{19A24C64-F098-4D7C-BA63-D231C4BEF337}"
EndProject
Project("{FAE04EC0-301F-11D3-BF4B-00C04F79EFBC}") = "WeatherData", "WeatherData\WeatherData\WeatherData.csproj", "{EFC3D0EC-5B91-4687-BF6D-744AAFD5428E}"
EndProject
Global
	GlobalSection(SolutionConfigurationPlatforms) = preSolution
		Debug|Any CPU = Debug|Any CPU
		Debug|ARM = Debug|ARM
		Debug|iPhone = Debug|iPhone
		Debug|iPhoneSimulator = Debug|iPhoneSimulator
		Debug|x64 = Debug|x64
		Debug|x86 = Debug|x86
		Release|Any CPU = Release|Any CPU
		Release|ARM = Release|ARM
		Release|iPhone = Release|iPhone
		Release|iPhoneSimulator = Release|iPhoneSimulator
		Release|x64 = Release|x64
		Release|x86 = Release|x86
	EndGlobalSection
	GlobalSection(ProjectConfigurationPlatforms) = postSolution
		{16B036D8-0432-422D-A26A-48D76610DE62}.Debug|Any CPU.ActiveCfg = Debug|x86
		{16B036D8-0432-422D-A26A-48D76610DE62}.Debug|Any CPU.Build.0 = Debug|x86
		{16B036D8-0432-422D-A26A-48D76610DE62}.Debug|Any CPU.Deploy.0 = Debug|x86
		{16B036D8-0432-422D-A26A-48D76610DE62}.Debug|ARM.ActiveCfg = Debug|ARM
		{16B036D8-0432-422D-A26A-48D76610DE62}.Debug|ARM.Build.0 = Debug|ARM
		{16B036D8-0432-422D-A26A-48D76610DE62}.Debug|ARM.Deploy.0 = Debug|ARM
		{16B036D8-0432-422D-A26A-48D76610DE62}.Debug|iPhone.ActiveCfg = Debug|x86
		{16B036D8-0432-422D-A26A-48D76610DE62}.Debug|iPhone.Build.0 = Debug|x86
		{16B036D8-0432-422D-A26A-48D76610DE62}.Debug|iPhone.Deploy.0 = Debug|x86
		{16B036D8-0432-422D-A26A-48D76610DE62}.Debug|iPhoneSimulator.ActiveCfg = Debug|x86
		{16B036D8-0432-422D-A26A-48D76610DE62}.Debug|iPhoneSimulator.Build.0 = Debug|x86
		{16B036D8-0432-422D-A26A-48D76610DE62}.Debug|iPhoneSimulator.Deploy.0 = Debug|x86
		{16B036D8-0432-422D-A26A-48D76610DE62}.Debug|x64.ActiveCfg = Debug|x64
		{16B036D8-0432-422D-A26A-48D76610DE62}.Debug|x64.Build.0 = Debug|x64
		{16B036D8-0432-422D-A26A-48D76610DE62}.Debug|x64.Deploy.0 = Debug|x64
		{16B036D8-0432-422D-A26A-48D76610DE62}.Debug|x86.ActiveCfg = Debug|x86
		{16B036D8-0432-422D-A26A-48D76610DE62}.Debug|x86.Build.0 = Debug|x86
		{16B036D8-0432-422D-A26A-48D76610DE62}.Debug|x86.Deploy.0 = Debug|x86
		{16B036D8-0432-422D-A26A-48D76610DE62}.Release|Any CPU.ActiveCfg = Release|x86
		{16B036D8-0432-422D-A26A-48D76610DE62}.Release|Any CPU.Build.0 = Release|x86
		{16B036D8-0432-422D-A26A-48D76610DE62}.Release|Any CPU.Deploy.0 = Release|x86
		{16B036D8-0432-422D-A26A-48D76610DE62}.Release|ARM.ActiveCfg = Release|ARM
		{16B036D8-0432-422D-A26A-48D76610DE62}.Release|ARM.Build.0 = Release|ARM
		{16B036D8-0432-422D-A26A-48D76610DE62}.Release|ARM.Deploy.0 = Release|ARM
		{16B036D8-0432-422D-A26A-48D76610DE62}.Release|iPhone.ActiveCfg = Release|x86
		{16B036D8-0432-422D-A26A-48D76610DE62}.Release|iPhone.Build.0 = Release|x86
		{16B036D8-0432-422D-A26A-48D76610DE62}.Release|iPhone.Deploy.0 = Release|x86
		{16B036D8-0432-422D-A26A-48D76610DE62}.Release|iPhoneSimulator.ActiveCfg = Release|x86
		{16B036D8-0432-422D-A26A-48D76610DE62}.Release|iPhoneSimulator.Build.0 = Release|x86
		{16B036D8-0432-422D-A26A-48D76610DE62}.Release|iPhoneSimulator.Deploy.0 = Release|x86
		{16B036D8-0432-422D-A26A-48D76610DE62}.Release|x64.ActiveCfg = Release|x64
		{16B036D8-0432-422D-A26A-48D76610DE62}.Release|x64.Build.0 = Release|x64
		{16B036D8-0432-422D-A26A-48D76610DE62}.Release|x64.Deploy.0 = Release|x64
		{16B036D8-0432-422D-A26A-48D76610DE62}.Release|x86.ActiveCfg = Release|x86
		{16B036D8-0432-422D-A26A-48D76610DE62}.Release|x86.Build.0 = Release|x86
		{16B036D8-0432-422D-A26A-48D76610DE62}.Release|x86.Deploy.0 = Release|x86
		{E26F5C6C-A1CC-4E38-B468-CE1545EF2758}.Debug|Any CPU.ActiveCfg = Debug|Any CPU
		{E26F5C6C-A1CC-4E38-B468-CE1545EF2758}.Debug|Any CPU.Build.0 = Debug|Any CPU
		{E26F5C6C-A1CC-4E38-B468-CE1545EF2758}.Debug|Any CPU.Deploy.0 = Debug|Any CPU
		{E26F5C6C-A1CC-4E38-B468-CE1545EF2758}.Debug|ARM.ActiveCfg = Debug|Any CPU
		{E26F5C6C-A1CC-4E38-B468-CE1545EF2758}.Debug|ARM.Build.0 = Debug|Any CPU
		{E26F5C6C-A1CC-4E38-B468-CE1545EF2758}.Debug|ARM.Deploy.0 = Debug|Any CPU
		{E26F5C6C-A1CC-4E38-B468-CE1545EF2758}.Debug|iPhone.ActiveCfg = Debug|Any CPU
		{E26F5C6C-A1CC-4E38-B468-CE1545EF2758}.Debug|iPhone.Build.0 = Debug|Any CPU
		{E26F5C6C-A1CC-4E38-B468-CE1545EF2758}.Debug|iPhone.Deploy.0 = Debug|Any CPU
		{E26F5C6C-A1CC-4E38-B468-CE1545EF2758}.Debug|iPhoneSimulator.ActiveCfg = Debug|Any CPU
		{E26F5C6C-A1CC-4E38-B468-CE1545EF2758}.Debug|iPhoneSimulator.Build.0 = Debug|Any CPU
		{E26F5C6C-A1CC-4E38-B468-CE1545EF2758}.Debug|iPhoneSimulator.Deploy.0 = Debug|Any CPU
		{E26F5C6C-A1CC-4E38-B468-CE1545EF2758}.Debug|x64.ActiveCfg = Debug|Any CPU
		{E26F5C6C-A1CC-4E38-B468-CE1545EF2758}.Debug|x64.Build.0 = Debug|Any CPU
		{E26F5C6C-A1CC-4E38-B468-CE1545EF2758}.Debug|x64.Deploy.0 = Debug|Any CPU
		{E26F5C6C-A1CC-4E38-B468-CE1545EF2758}.Debug|x86.ActiveCfg = Debug|Any CPU
		{E26F5C6C-A1CC-4E38-B468-CE1545EF2758}.Debug|x86.Build.0 = Debug|Any CPU
		{E26F5C6C-A1CC-4E38-B468-CE1545EF2758}.Debug|x86.Deploy.0 = Debug|Any CPU
		{E26F5C6C-A1CC-4E38-B468-CE1545EF2758}.Release|Any CPU.ActiveCfg = Release|Any CPU
		{E26F5C6C-A1CC-4E38-B468-CE1545EF2758}.Release|Any CPU.Build.0 = Release|Any CPU
		{E26F5C6C-A1CC-4E38-B468-CE1545EF2758}.Release|Any CPU.Deploy.0 = Release|Any CPU
		{E26F5C6C-A1CC-4E38-B468-CE1545EF2758}.Release|ARM.ActiveCfg = Release|Any CPU
		{E26F5C6C-A1CC-4E38-B468-CE1545EF2758}.Release|ARM.Build.0 = Release|Any CPU
		{E26F5C6C-A1CC-4E38-B468-CE1545EF2758}.Release|ARM.Deploy.0 = Release|Any CPU
		{E26F5C6C-A1CC-4E38-B468-CE1545EF2758}.Release|iPhone.ActiveCfg = Release|Any CPU
		{E26F5C6C-A1CC-4E38-B468-CE1545EF2758}.Release|iPhone.Build.0 = Release|Any CPU
		{E26F5C6C-A1CC-4E38-B468-CE1545EF2758}.Release|iPhone.Deploy.0 = Release|Any CPU
		{E26F5C6C-A1CC-4E38-B468-CE1545EF2758}.Release|iPhoneSimulator.ActiveCfg = Release|Any CPU
		{E26F5C6C-A1CC-4E38-B468-CE1545EF2758}.Release|iPhoneSimulator.Build.0 = Release|Any CPU
		{E26F5C6C-A1CC-4E38-B468-CE1545EF2758}.Release|iPhoneSimulator.Deploy.0 = Release|Any CPU
		{E26F5C6C-A1CC-4E38-B468-CE1545EF2758}.Release|x64.ActiveCfg = Release|Any CPU
		{E26F5C6C-A1CC-4E38-B468-CE1545EF2758}.Release|x64.Build.0 = Release|Any CPU
		{E26F5C6C-A1CC-4E38-B468-CE1545EF2758}.Release|x64.Deploy.0 = Release|Any CPU
		{E26F5C6C-A1CC-4E38-B468-CE1545EF2758}.Release|x86.ActiveCfg = Release|Any CPU
		{E26F5C6C-A1CC-4E38-B468-CE1545EF2758}.Release|x86.Build.0 = Release|Any CPU
		{E26F5C6C-A1CC-4E38-B468-CE1545EF2758}.Release|x86.Deploy.0 = Release|Any CPU
		{19A24C64-F098-4D7C-BA63-D231C4BEF337}.Debug|Any CPU.ActiveCfg = Debug|iPhoneSimulator
		{19A24C64-F098-4D7C-BA63-D231C4BEF337}.Debug|Any CPU.Build.0 = Debug|iPhoneSimulator
		{19A24C64-F098-4D7C-BA63-D231C4BEF337}.Debug|Any CPU.Deploy.0 = Debug|iPhoneSimulator
		{19A24C64-F098-4D7C-BA63-D231C4BEF337}.Debug|ARM.ActiveCfg = Debug|iPhone
		{19A24C64-F098-4D7C-BA63-D231C4BEF337}.Debug|ARM.Build.0 = Debug|iPhone
		{19A24C64-F098-4D7C-BA63-D231C4BEF337}.Debug|ARM.Deploy.0 = Debug|iPhone
		{19A24C64-F098-4D7C-BA63-D231C4BEF337}.Debug|iPhone.ActiveCfg = Debug|iPhone
		{19A24C64-F098-4D7C-BA63-D231C4BEF337}.Debug|iPhone.Build.0 = Debug|iPhone
		{19A24C64-F098-4D7C-BA63-D231C4BEF337}.Debug|iPhone.Deploy.0 = Debug|iPhone
		{19A24C64-F098-4D7C-BA63-D231C4BEF337}.Debug|iPhoneSimulator.ActiveCfg = Debug|iPhoneSimulator
		{19A24C64-F098-4D7C-BA63-D231C4BEF337}.Debug|iPhoneSimulator.Build.0 = Debug|iPhoneSimulator
		{19A24C64-F098-4D7C-BA63-D231C4BEF337}.Debug|iPhoneSimulator.Deploy.0 = Debug|iPhoneSimulator
		{19A24C64-F098-4D7C-BA63-D231C4BEF337}.Debug|x64.ActiveCfg = Debug|iPhoneSimulator
		{19A24C64-F098-4D7C-BA63-D231C4BEF337}.Debug|x64.Build.0 = Debug|iPhoneSimulator
		{19A24C64-F098-4D7C-BA63-D231C4BEF337}.Debug|x64.Deploy.0 = Debug|iPhoneSimulator
		{19A24C64-F098-4D7C-BA63-D231C4BEF337}.Debug|x86.ActiveCfg = Debug|iPhoneSimulator
		{19A24C64-F098-4D7C-BA63-D231C4BEF337}.Debug|x86.Build.0 = Debug|iPhoneSimulator
		{19A24C64-F098-4D7C-BA63-D231C4BEF337}.Debug|x86.Deploy.0 = Debug|iPhoneSimulator
		{19A24C64-F098-4D7C-BA63-D231C4BEF337}.Release|Any CPU.ActiveCfg = Release|iPhoneSimulator
		{19A24C64-F098-4D7C-BA63-D231C4BEF337}.Release|Any CPU.Build.0 = Release|iPhoneSimulator
		{19A24C64-F098-4D7C-BA63-D231C4BEF337}.Release|Any CPU.Deploy.0 = Release|iPhoneSimulator
		{19A24C64-F098-4D7C-BA63-D231C4BEF337}.Release|ARM.ActiveCfg = Release|iPhoneSimulator
		{19A24C64-F098-4D7C-BA63-D231C4BEF337}.Release|ARM.Build.0 = Release|iPhoneSimulator
		{19A24C64-F098-4D7C-BA63-D231C4BEF337}.Release|ARM.Deploy.0 = Release|iPhoneSimulator
		{19A24C64-F098-4D7C-BA63-D231C4BEF337}.Release|iPhone.ActiveCfg = Release|iPhone
		{19A24C64-F098-4D7C-BA63-D231C4BEF337}.Release|iPhone.Build.0 = Release|iPhone
		{19A24C64-F098-4D7C-BA63-D231C4BEF337}.Release|iPhone.Deploy.0 = Release|iPhone
		{19A24C64-F098-4D7C-BA63-D231C4BEF337}.Release|iPhoneSimulator.ActiveCfg = Release|iPhoneSimulator
		{19A24C64-F098-4D7C-BA63-D231C4BEF337}.Release|iPhoneSimulator.Build.0 = Release|iPhoneSimulator
		{19A24C64-F098-4D7C-BA63-D231C4BEF337}.Release|iPhoneSimulator.Deploy.0 = Release|iPhoneSimulator
		{19A24C64-F098-4D7C-BA63-D231C4BEF337}.Release|x64.ActiveCfg = Release|iPhoneSimulator
		{19A24C64-F098-4D7C-BA63-D231C4BEF337}.Release|x64.Build.0 = Release|iPhoneSimulator
		{19A24C64-F098-4D7C-BA63-D231C4BEF337}.Release|x64.Deploy.0 = Release|iPhoneSimulator
		{19A24C64-F098-4D7C-BA63-D231C4BEF337}.Release|x86.ActiveCfg = Release|iPhoneSimulator
		{19A24C64-F098-4D7C-BA63-D231C4BEF337}.Release|x86.Build.0 = Release|iPhoneSimulator
		{19A24C64-F098-4D7C-BA63-D231C4BEF337}.Release|x86.Deploy.0 = Release|iPhoneSimulator
		{EFC3D0EC-5B91-4687-BF6D-744AAFD5428E}.Debug|Any CPU.ActiveCfg = Debug|Any CPU
		{EFC3D0EC-5B91-4687-BF6D-744AAFD5428E}.Debug|Any CPU.Build.0 = Debug|Any CPU
		{EFC3D0EC-5B91-4687-BF6D-744AAFD5428E}.Debug|Any CPU.Deploy.0 = Debug|Any CPU
		{EFC3D0EC-5B91-4687-BF6D-744AAFD5428E}.Debug|ARM.ActiveCfg = Debug|Any CPU
		{EFC3D0EC-5B91-4687-BF6D-744AAFD5428E}.Debug|ARM.Build.0 = Debug|Any CPU
		{EFC3D0EC-5B91-4687-BF6D-744AAFD5428E}.Debug|ARM.Deploy.0 = Debug|Any CPU
		{EFC3D0EC-5B91-4687-BF6D-744AAFD5428E}.Debug|iPhone.ActiveCfg = Debug|Any CPU
		{EFC3D0EC-5B91-4687-BF6D-744AAFD5428E}.Debug|iPhone.Build.0 = Debug|Any CPU
		{EFC3D0EC-5B91-4687-BF6D-744AAFD5428E}.Debug|iPhone.Deploy.0 = Debug|Any CPU
		{EFC3D0EC-5B91-4687-BF6D-744AAFD5428E}.Debug|iPhoneSimulator.ActiveCfg = Debug|Any CPU
		{EFC3D0EC-5B91-4687-BF6D-744AAFD5428E}.Debug|iPhoneSimulator.Build.0 = Debug|Any CPU
		{EFC3D0EC-5B91-4687-BF6D-744AAFD5428E}.Debug|iPhoneSimulator.Deploy.0 = Debug|Any CPU
		{EFC3D0EC-5B91-4687-BF6D-744AAFD5428E}.Debug|x64.ActiveCfg = Debug|Any CPU
		{EFC3D0EC-5B91-4687-BF6D-744AAFD5428E}.Debug|x64.Build.0 = Debug|Any CPU
		{EFC3D0EC-5B91-4687-BF6D-744AAFD5428E}.Debug|x64.Deploy.0 = Debug|Any CPU
		{EFC3D0EC-5B91-4687-BF6D-744AAFD5428E}.Debug|x86.ActiveCfg = Debug|Any CPU
		{EFC3D0EC-5B91-4687-BF6D-744AAFD5428E}.Debug|x86.Build.0 = Debug|Any CPU
		{EFC3D0EC-5B91-4687-BF6D-744AAFD5428E}.Debug|x86.Deploy.0 = Debug|Any CPU
		{EFC3D0EC-5B91-4687-BF6D-744AAFD5428E}.Release|Any CPU.ActiveCfg = Release|Any CPU
		{EFC3D0EC-5B91-4687-BF6D-744AAFD5428E}.Release|Any CPU.Build.0 = Release|Any CPU
		{EFC3D0EC-5B91-4687-BF6D-744AAFD5428E}.Release|Any CPU.Deploy.0 = Release|Any CPU
		{EFC3D0EC-5B91-4687-BF6D-744AAFD5428E}.Release|ARM.ActiveCfg = Release|Any CPU
		{EFC3D0EC-5B91-4687-BF6D-744AAFD5428E}.Release|ARM.Build.0 = Release|Any CPU
		{EFC3D0EC-5B91-4687-BF6D-744AAFD5428E}.Release|ARM.Deploy.0 = Release|Any CPU
		{EFC3D0EC-5B91-4687-BF6D-744AAFD5428E}.Release|iPhone.ActiveCfg = Release|Any CPU
		{EFC3D0EC-5B91-4687-BF6D-744AAFD5428E}.Release|iPhone.Build.0 = Release|Any CPU
		{EFC3D0EC-5B91-4687-BF6D-744AAFD5428E}.Release|iPhone.Deploy.0 = Release|Any CPU
		{EFC3D0EC-5B91-4687-BF6D-744AAFD5428E}.Release|iPhoneSimulator.ActiveCfg = Release|Any CPU
		{EFC3D0EC-5B91-4687-BF6D-744AAFD5428E}.Release|iPhoneSimulator.Build.0 = Release|Any CPU
		{EFC3D0EC-5B91-4687-BF6D-744AAFD5428E}.Release|iPhoneSimulator.Deploy.0 = Release|Any CPU
		{EFC3D0EC-5B91-4687-BF6D-744AAFD5428E}.Release|x64.ActiveCfg = Release|Any CPU
		{EFC3D0EC-5B91-4687-BF6D-744AAFD5428E}.Release|x64.Build.0 = Release|Any CPU
		{EFC3D0EC-5B91-4687-BF6D-744AAFD5428E}.Release|x64.Deploy.0 = Release|Any CPU
		{EFC3D0EC-5B91-4687-BF6D-744AAFD5428E}.Release|x86.ActiveCfg = Release|Any CPU
		{EFC3D0EC-5B91-4687-BF6D-744AAFD5428E}.Release|x86.Build.0 = Release|Any CPU
		{EFC3D0EC-5B91-4687-BF6D-744AAFD5428E}.Release|x86.Deploy.0 = Release|Any CPU
	EndGlobalSection
	GlobalSection(SolutionProperties) = preSolution
		HideSolutionNode = FALSE
	EndGlobalSection
	GlobalSection(ExtensibilityGlobals) = postSolution
		SolutionGuid = {7028810E-4869-43B8-85C0-2B6BBF8BAC52}
	EndGlobalSection
EndGlobal
