
Microsoft Visual Studio Solution File, Format Version 12.00
# Visual Studio Version 16
VisualStudioVersion = 16.0.32802.440
MinimumVisualStudioVersion = 10.0.40219.1
Project("{FAE04EC0-301F-11D3-BF4B-00C04F79EFBC}") = "USTaxes.UWP", "USTaxes\USTaxes.UWP\USTaxes.UWP.csproj", "{2CDAEF10-5313-4969-AB5C-A5F4A8C803C2}"
EndProject
Project("{FAE04EC0-301F-11D3-BF4B-00C04F79EFBC}") = "USTaxes.Android", "USTaxes\USTaxes.Android\USTaxes.Android.csproj", "{8FBF57F0-9F1E-401D-98D5-BCD77E415EAB}"
EndProject
Project("{FAE04EC0-301F-11D3-BF4B-00C04F79EFBC}") = "USTaxes.iOS", "USTaxes\USTaxes.iOS\USTaxes.iOS.csproj", "{C58B6CA5-B1C1-4450-B059-3D53CE59AE8A}"
EndProject
Project("{FAE04EC0-301F-11D3-BF4B-00C04F79EFBC}") = "USTaxes", "USTaxes\USTaxes\USTaxes.csproj", "{14C8C10E-AE02-4BBB-A683-1C851AA553CC}"
EndProject
Global
	GlobalSection(SolutionConfigurationPlatforms) = preSolution
		Debug|Any CPU = Debug|Any CPU
		Debug|ARM = Debug|ARM
		Debug|iPhone = Debug|iPhone
		Debug|iPhoneSimulator = Debug|iPhoneSimulator
		Debug|x64 = Debug|x64
		Debug|x86 = Debug|x86
		Release|Any CPU = Release|Any CPU
		Release|ARM = Release|ARM
		Release|iPhone = Release|iPhone
		Release|iPhoneSimulator = Release|iPhoneSimulator
		Release|x64 = Release|x64
		Release|x86 = Release|x86
	EndGlobalSection
	GlobalSection(ProjectConfigurationPlatforms) = postSolution
		{2CDAEF10-5313-4969-AB5C-A5F4A8C803C2}.Debug|Any CPU.ActiveCfg = Debug|x86
		{2CDAEF10-5313-4969-AB5C-A5F4A8C803C2}.Debug|Any CPU.Build.0 = Debug|x86
		{2CDAEF10-5313-4969-AB5C-A5F4A8C803C2}.Debug|Any CPU.Deploy.0 = Debug|x86
		{2CDAEF10-5313-4969-AB5C-A5F4A8C803C2}.Debug|ARM.ActiveCfg = Debug|ARM
		{2CDAEF10-5313-4969-AB5C-A5F4A8C803C2}.Debug|ARM.Build.0 = Debug|ARM
		{2CDAEF10-5313-4969-AB5C-A5F4A8C803C2}.Debug|ARM.Deploy.0 = Debug|ARM
		{2CDAEF10-5313-4969-AB5C-A5F4A8C803C2}.Debug|iPhone.ActiveCfg = Debug|x86
		{2CDAEF10-5313-4969-AB5C-A5F4A8C803C2}.Debug|iPhone.Build.0 = Debug|x86
		{2CDAEF10-5313-4969-AB5C-A5F4A8C803C2}.Debug|iPhone.Deploy.0 = Debug|x86
		{2CDAEF10-5313-4969-AB5C-A5F4A8C803C2}.Debug|iPhoneSimulator.ActiveCfg = Debug|x86
		{2CDAEF10-5313-4969-AB5C-A5F4A8C803C2}.Debug|iPhoneSimulator.Build.0 = Debug|x86
		{2CDAEF10-5313-4969-AB5C-A5F4A8C803C2}.Debug|iPhoneSimulator.Deploy.0 = Debug|x86
		{2CDAEF10-5313-4969-AB5C-A5F4A8C803C2}.Debug|x64.ActiveCfg = Debug|x64
		{2CDAEF10-5313-4969-AB5C-A5F4A8C803C2}.Debug|x64.Build.0 = Debug|x64
		{2CDAEF10-5313-4969-AB5C-A5F4A8C803C2}.Debug|x64.Deploy.0 = Debug|x64
		{2CDAEF10-5313-4969-AB5C-A5F4A8C803C2}.Debug|x86.ActiveCfg = Debug|x86
		{2CDAEF10-5313-4969-AB5C-A5F4A8C803C2}.Debug|x86.Build.0 = Debug|x86
		{2CDAEF10-5313-4969-AB5C-A5F4A8C803C2}.Debug|x86.Deploy.0 = Debug|x86
		{2CDAEF10-5313-4969-AB5C-A5F4A8C803C2}.Release|Any CPU.ActiveCfg = Release|x86
		{2CDAEF10-5313-4969-AB5C-A5F4A8C803C2}.Release|Any CPU.Build.0 = Release|x86
		{2CDAEF10-5313-4969-AB5C-A5F4A8C803C2}.Release|Any CPU.Deploy.0 = Release|x86
		{2CDAEF10-5313-4969-AB5C-A5F4A8C803C2}.Release|ARM.ActiveCfg = Release|ARM
		{2CDAEF10-5313-4969-AB5C-A5F4A8C803C2}.Release|ARM.Build.0 = Release|ARM
		{2CDAEF10-5313-4969-AB5C-A5F4A8C803C2}.Release|ARM.Deploy.0 = Release|ARM
		{2CDAEF10-5313-4969-AB5C-A5F4A8C803C2}.Release|iPhone.ActiveCfg = Release|x86
		{2CDAEF10-5313-4969-AB5C-A5F4A8C803C2}.Release|iPhone.Build.0 = Release|x86
		{2CDAEF10-5313-4969-AB5C-A5F4A8C803C2}.Release|iPhone.Deploy.0 = Release|x86
		{2CDAEF10-5313-4969-AB5C-A5F4A8C803C2}.Release|iPhoneSimulator.ActiveCfg = Release|x86
		{2CDAEF10-5313-4969-AB5C-A5F4A8C803C2}.Release|iPhoneSimulator.Build.0 = Release|x86
		{2CDAEF10-5313-4969-AB5C-A5F4A8C803C2}.Release|iPhoneSimulator.Deploy.0 = Release|x86
		{2CDAEF10-5313-4969-AB5C-A5F4A8C803C2}.Release|x64.ActiveCfg = Release|x64
		{2CDAEF10-5313-4969-AB5C-A5F4A8C803C2}.Release|x64.Build.0 = Release|x64
		{2CDAEF10-5313-4969-AB5C-A5F4A8C803C2}.Release|x64.Deploy.0 = Release|x64
		{2CDAEF10-5313-4969-AB5C-A5F4A8C803C2}.Release|x86.ActiveCfg = Release|x86
		{2CDAEF10-5313-4969-AB5C-A5F4A8C803C2}.Release|x86.Build.0 = Release|x86
		{2CDAEF10-5313-4969-AB5C-A5F4A8C803C2}.Release|x86.Deploy.0 = Release|x86
		{8FBF57F0-9F1E-401D-98D5-BCD77E415EAB}.Debug|Any CPU.ActiveCfg = Debug|Any CPU
		{8FBF57F0-9F1E-401D-98D5-BCD77E415EAB}.Debug|Any CPU.Build.0 = Debug|Any CPU
		{8FBF57F0-9F1E-401D-98D5-BCD77E415EAB}.Debug|Any CPU.Deploy.0 = Debug|Any CPU
		{8FBF57F0-9F1E-401D-98D5-BCD77E415EAB}.Debug|ARM.ActiveCfg = Debug|Any CPU
		{8FBF57F0-9F1E-401D-98D5-BCD77E415EAB}.Debug|ARM.Build.0 = Debug|Any CPU
		{8FBF57F0-9F1E-401D-98D5-BCD77E415EAB}.Debug|ARM.Deploy.0 = Debug|Any CPU
		{8FBF57F0-9F1E-401D-98D5-BCD77E415EAB}.Debug|iPhone.ActiveCfg = Debug|Any CPU
		{8FBF57F0-9F1E-401D-98D5-BCD77E415EAB}.Debug|iPhone.Build.0 = Debug|Any CPU
		{8FBF57F0-9F1E-401D-98D5-BCD77E415EAB}.Debug|iPhone.Deploy.0 = Debug|Any CPU
		{8FBF57F0-9F1E-401D-98D5-BCD77E415EAB}.Debug|iPhoneSimulator.ActiveCfg = Debug|Any CPU
		{8FBF57F0-9F1E-401D-98D5-BCD77E415EAB}.Debug|iPhoneSimulator.Build.0 = Debug|Any CPU
		{8FBF57F0-9F1E-401D-98D5-BCD77E415EAB}.Debug|iPhoneSimulator.Deploy.0 = Debug|Any CPU
		{8FBF57F0-9F1E-401D-98D5-BCD77E415EAB}.Debug|x64.ActiveCfg = Debug|Any CPU
		{8FBF57F0-9F1E-401D-98D5-BCD77E415EAB}.Debug|x64.Build.0 = Debug|Any CPU
		{8FBF57F0-9F1E-401D-98D5-BCD77E415EAB}.Debug|x64.Deploy.0 = Debug|Any CPU
		{8FBF57F0-9F1E-401D-98D5-BCD77E415EAB}.Debug|x86.ActiveCfg = Debug|Any CPU
		{8FBF57F0-9F1E-401D-98D5-BCD77E415EAB}.Debug|x86.Build.0 = Debug|Any CPU
		{8FBF57F0-9F1E-401D-98D5-BCD77E415EAB}.Debug|x86.Deploy.0 = Debug|Any CPU
		{8FBF57F0-9F1E-401D-98D5-BCD77E415EAB}.Release|Any CPU.ActiveCfg = Release|Any CPU
		{8FBF57F0-9F1E-401D-98D5-BCD77E415EAB}.Release|Any CPU.Build.0 = Release|Any CPU
		{8FBF57F0-9F1E-401D-98D5-BCD77E415EAB}.Release|Any CPU.Deploy.0 = Release|Any CPU
		{8FBF57F0-9F1E-401D-98D5-BCD77E415EAB}.Release|ARM.ActiveCfg = Release|Any CPU
		{8FBF57F0-9F1E-401D-98D5-BCD77E415EAB}.Release|ARM.Build.0 = Release|Any CPU
		{8FBF57F0-9F1E-401D-98D5-BCD77E415EAB}.Release|ARM.Deploy.0 = Release|Any CPU
		{8FBF57F0-9F1E-401D-98D5-BCD77E415EAB}.Release|iPhone.ActiveCfg = Release|Any CPU
		{8FBF57F0-9F1E-401D-98D5-BCD77E415EAB}.Release|iPhone.Build.0 = Release|Any CPU
		{8FBF57F0-9F1E-401D-98D5-BCD77E415EAB}.Release|iPhone.Deploy.0 = Release|Any CPU
		{8FBF57F0-9F1E-401D-98D5-BCD77E415EAB}.Release|iPhoneSimulator.ActiveCfg = Release|Any CPU
		{8FBF57F0-9F1E-401D-98D5-BCD77E415EAB}.Release|iPhoneSimulator.Build.0 = Release|Any CPU
		{8FBF57F0-9F1E-401D-98D5-BCD77E415EAB}.Release|iPhoneSimulator.Deploy.0 = Release|Any CPU
		{8FBF57F0-9F1E-401D-98D5-BCD77E415EAB}.Release|x64.ActiveCfg = Release|Any CPU
		{8FBF57F0-9F1E-401D-98D5-BCD77E415EAB}.Release|x64.Build.0 = Release|Any CPU
		{8FBF57F0-9F1E-401D-98D5-BCD77E415EAB}.Release|x64.Deploy.0 = Release|Any CPU
		{8FBF57F0-9F1E-401D-98D5-BCD77E415EAB}.Release|x86.ActiveCfg = Release|Any CPU
		{8FBF57F0-9F1E-401D-98D5-BCD77E415EAB}.Release|x86.Build.0 = Release|Any CPU
		{8FBF57F0-9F1E-401D-98D5-BCD77E415EAB}.Release|x86.Deploy.0 = Release|Any CPU
		{C58B6CA5-B1C1-4450-B059-3D53CE59AE8A}.Debug|Any CPU.ActiveCfg = Debug|iPhoneSimulator
		{C58B6CA5-B1C1-4450-B059-3D53CE59AE8A}.Debug|Any CPU.Build.0 = Debug|iPhoneSimulator
		{C58B6CA5-B1C1-4450-B059-3D53CE59AE8A}.Debug|Any CPU.Deploy.0 = Debug|iPhoneSimulator
		{C58B6CA5-B1C1-4450-B059-3D53CE59AE8A}.Debug|ARM.ActiveCfg = Debug|iPhone
		{C58B6CA5-B1C1-4450-B059-3D53CE59AE8A}.Debug|ARM.Build.0 = Debug|iPhone
		{C58B6CA5-B1C1-4450-B059-3D53CE59AE8A}.Debug|ARM.Deploy.0 = Debug|iPhone
		{C58B6CA5-B1C1-4450-B059-3D53CE59AE8A}.Debug|iPhone.ActiveCfg = Debug|iPhone
		{C58B6CA5-B1C1-4450-B059-3D53CE59AE8A}.Debug|iPhone.Build.0 = Debug|iPhone
		{C58B6CA5-B1C1-4450-B059-3D53CE59AE8A}.Debug|iPhone.Deploy.0 = Debug|iPhone
		{C58B6CA5-B1C1-4450-B059-3D53CE59AE8A}.Debug|iPhoneSimulator.ActiveCfg = Debug|iPhoneSimulator
		{C58B6CA5-B1C1-4450-B059-3D53CE59AE8A}.Debug|iPhoneSimulator.Build.0 = Debug|iPhoneSimulator
		{C58B6CA5-B1C1-4450-B059-3D53CE59AE8A}.Debug|iPhoneSimulator.Deploy.0 = Debug|iPhoneSimulator
		{C58B6CA5-B1C1-4450-B059-3D53CE59AE8A}.Debug|x64.ActiveCfg = Debug|iPhoneSimulator
		{C58B6CA5-B1C1-4450-B059-3D53CE59AE8A}.Debug|x64.Build.0 = Debug|iPhoneSimulator
		{C58B6CA5-B1C1-4450-B059-3D53CE59AE8A}.Debug|x64.Deploy.0 = Debug|iPhoneSimulator
		{C58B6CA5-B1C1-4450-B059-3D53CE59AE8A}.Debug|x86.ActiveCfg = Debug|iPhoneSimulator
		{C58B6CA5-B1C1-4450-B059-3D53CE59AE8A}.Debug|x86.Build.0 = Debug|iPhoneSimulator
		{C58B6CA5-B1C1-4450-B059-3D53CE59AE8A}.Debug|x86.Deploy.0 = Debug|iPhoneSimulator
		{C58B6CA5-B1C1-4450-B059-3D53CE59AE8A}.Release|Any CPU.ActiveCfg = Release|iPhoneSimulator
		{C58B6CA5-B1C1-4450-B059-3D53CE59AE8A}.Release|Any CPU.Build.0 = Release|iPhoneSimulator
		{C58B6CA5-B1C1-4450-B059-3D53CE59AE8A}.Release|Any CPU.Deploy.0 = Release|iPhoneSimulator
		{C58B6CA5-B1C1-4450-B059-3D53CE59AE8A}.Release|ARM.ActiveCfg = Release|iPhoneSimulator
		{C58B6CA5-B1C1-4450-B059-3D53CE59AE8A}.Release|ARM.Build.0 = Release|iPhoneSimulator
		{C58B6CA5-B1C1-4450-B059-3D53CE59AE8A}.Release|ARM.Deploy.0 = Release|iPhoneSimulator
		{C58B6CA5-B1C1-4450-B059-3D53CE59AE8A}.Release|iPhone.ActiveCfg = Release|iPhone
		{C58B6CA5-B1C1-4450-B059-3D53CE59AE8A}.Release|iPhone.Build.0 = Release|iPhone
		{C58B6CA5-B1C1-4450-B059-3D53CE59AE8A}.Release|iPhone.Deploy.0 = Release|iPhone
		{C58B6CA5-B1C1-4450-B059-3D53CE59AE8A}.Release|iPhoneSimulator.ActiveCfg = Release|iPhoneSimulator
		{C58B6CA5-B1C1-4450-B059-3D53CE59AE8A}.Release|iPhoneSimulator.Build.0 = Release|iPhoneSimulator
		{C58B6CA5-B1C1-4450-B059-3D53CE59AE8A}.Release|iPhoneSimulator.Deploy.0 = Release|iPhoneSimulator
		{C58B6CA5-B1C1-4450-B059-3D53CE59AE8A}.Release|x64.ActiveCfg = Release|iPhoneSimulator
		{C58B6CA5-B1C1-4450-B059-3D53CE59AE8A}.Release|x64.Build.0 = Release|iPhoneSimulator
		{C58B6CA5-B1C1-4450-B059-3D53CE59AE8A}.Release|x64.Deploy.0 = Release|iPhoneSimulator
		{C58B6CA5-B1C1-4450-B059-3D53CE59AE8A}.Release|x86.ActiveCfg = Release|iPhoneSimulator
		{C58B6CA5-B1C1-4450-B059-3D53CE59AE8A}.Release|x86.Build.0 = Release|iPhoneSimulator
		{C58B6CA5-B1C1-4450-B059-3D53CE59AE8A}.Release|x86.Deploy.0 = Release|iPhoneSimulator
		{14C8C10E-AE02-4BBB-A683-1C851AA553CC}.Debug|Any CPU.ActiveCfg = Debug|Any CPU
		{14C8C10E-AE02-4BBB-A683-1C851AA553CC}.Debug|Any CPU.Build.0 = Debug|Any CPU
		{14C8C10E-AE02-4BBB-A683-1C851AA553CC}.Debug|Any CPU.Deploy.0 = Debug|Any CPU
		{14C8C10E-AE02-4BBB-A683-1C851AA553CC}.Debug|ARM.ActiveCfg = Debug|Any CPU
		{14C8C10E-AE02-4BBB-A683-1C851AA553CC}.Debug|ARM.Build.0 = Debug|Any CPU
		{14C8C10E-AE02-4BBB-A683-1C851AA553CC}.Debug|ARM.Deploy.0 = Debug|Any CPU
		{14C8C10E-AE02-4BBB-A683-1C851AA553CC}.Debug|iPhone.ActiveCfg = Debug|Any CPU
		{14C8C10E-AE02-4BBB-A683-1C851AA553CC}.Debug|iPhone.Build.0 = Debug|Any CPU
		{14C8C10E-AE02-4BBB-A683-1C851AA553CC}.Debug|iPhone.Deploy.0 = Debug|Any CPU
		{14C8C10E-AE02-4BBB-A683-1C851AA553CC}.Debug|iPhoneSimulator.ActiveCfg = Debug|Any CPU
		{14C8C10E-AE02-4BBB-A683-1C851AA553CC}.Debug|iPhoneSimulator.Build.0 = Debug|Any CPU
		{14C8C10E-AE02-4BBB-A683-1C851AA553CC}.Debug|iPhoneSimulator.Deploy.0 = Debug|Any CPU
		{14C8C10E-AE02-4BBB-A683-1C851AA553CC}.Debug|x64.ActiveCfg = Debug|Any CPU
		{14C8C10E-AE02-4BBB-A683-1C851AA553CC}.Debug|x64.Build.0 = Debug|Any CPU
		{14C8C10E-AE02-4BBB-A683-1C851AA553CC}.Debug|x64.Deploy.0 = Debug|Any CPU
		{14C8C10E-AE02-4BBB-A683-1C851AA553CC}.Debug|x86.ActiveCfg = Debug|Any CPU
		{14C8C10E-AE02-4BBB-A683-1C851AA553CC}.Debug|x86.Build.0 = Debug|Any CPU
		{14C8C10E-AE02-4BBB-A683-1C851AA553CC}.Debug|x86.Deploy.0 = Debug|Any CPU
		{14C8C10E-AE02-4BBB-A683-1C851AA553CC}.Release|Any CPU.ActiveCfg = Release|Any CPU
		{14C8C10E-AE02-4BBB-A683-1C851AA553CC}.Release|Any CPU.Build.0 = Release|Any CPU
		{14C8C10E-AE02-4BBB-A683-1C851AA553CC}.Release|Any CPU.Deploy.0 = Release|Any CPU
		{14C8C10E-AE02-4BBB-A683-1C851AA553CC}.Release|ARM.ActiveCfg = Release|Any CPU
		{14C8C10E-AE02-4BBB-A683-1C851AA553CC}.Release|ARM.Build.0 = Release|Any CPU
		{14C8C10E-AE02-4BBB-A683-1C851AA553CC}.Release|ARM.Deploy.0 = Release|Any CPU
		{14C8C10E-AE02-4BBB-A683-1C851AA553CC}.Release|iPhone.ActiveCfg = Release|Any CPU
		{14C8C10E-AE02-4BBB-A683-1C851AA553CC}.Release|iPhone.Build.0 = Release|Any CPU
		{14C8C10E-AE02-4BBB-A683-1C851AA553CC}.Release|iPhone.Deploy.0 = Release|Any CPU
		{14C8C10E-AE02-4BBB-A683-1C851AA553CC}.Release|iPhoneSimulator.ActiveCfg = Release|Any CPU
		{14C8C10E-AE02-4BBB-A683-1C851AA553CC}.Release|iPhoneSimulator.Build.0 = Release|Any CPU
		{14C8C10E-AE02-4BBB-A683-1C851AA553CC}.Release|iPhoneSimulator.Deploy.0 = Release|Any CPU
		{14C8C10E-AE02-4BBB-A683-1C851AA553CC}.Release|x64.ActiveCfg = Release|Any CPU
		{14C8C10E-AE02-4BBB-A683-1C851AA553CC}.Release|x64.Build.0 = Release|Any CPU
		{14C8C10E-AE02-4BBB-A683-1C851AA553CC}.Release|x64.Deploy.0 = Release|Any CPU
		{14C8C10E-AE02-4BBB-A683-1C851AA553CC}.Release|x86.ActiveCfg = Release|Any CPU
		{14C8C10E-AE02-4BBB-A683-1C851AA553CC}.Release|x86.Build.0 = Release|Any CPU
		{14C8C10E-AE02-4BBB-A683-1C851AA553CC}.Release|x86.Deploy.0 = Release|Any CPU
	EndGlobalSection
	GlobalSection(SolutionProperties) = preSolution
		HideSolutionNode = FALSE
	EndGlobalSection
	GlobalSection(ExtensibilityGlobals) = postSolution
		SolutionGuid = {4D765614-3D47-4F85-ACCE-1F48D2DD47FF}
	EndGlobalSection
EndGlobal
